// !$*UTF8*$!
{
	archiveVersion = 1;
	classes = {
	};
	objectVersion = 55;
	objects = {

/* Begin PBXBuildFile section */
		14A5C4F5FCDDA289EC11358D /* Pods_oneDayoneCut.framework in Frameworks */ = {isa = PBXBuildFile; fileRef = E23BC222488483377F07EC63 /* Pods_oneDayoneCut.framework */; };
		3051B95828698A6000C947EE /* AppDelegate.swift in Sources */ = {isa = PBXBuildFile; fileRef = 3051B95728698A6000C947EE /* AppDelegate.swift */; };
		3051B95A28698A6000C947EE /* SceneDelegate.swift in Sources */ = {isa = PBXBuildFile; fileRef = 3051B95928698A6000C947EE /* SceneDelegate.swift */; };
		3051B95C28698A6000C947EE /* ViewController.swift in Sources */ = {isa = PBXBuildFile; fileRef = 3051B95B28698A6000C947EE /* ViewController.swift */; };
		3051B95F28698A6000C947EE /* Main.storyboard in Resources */ = {isa = PBXBuildFile; fileRef = 3051B95D28698A6000C947EE /* Main.storyboard */; };
		3051B96128698A6700C947EE /* Assets.xcassets in Resources */ = {isa = PBXBuildFile; fileRef = 3051B96028698A6700C947EE /* Assets.xcassets */; };
		3051B96428698A6700C947EE /* LaunchScreen.storyboard in Resources */ = {isa = PBXBuildFile; fileRef = 3051B96228698A6700C947EE /* LaunchScreen.storyboard */; };
/* End PBXBuildFile section */

/* Begin PBXFileReference section */
		3051B95428698A6000C947EE /* oneDayoneCut.app */ = {isa = PBXFileReference; explicitFileType = wrapper.application; includeInIndex = 0; path = oneDayoneCut.app; sourceTree = BUILT_PRODUCTS_DIR; };
		3051B95728698A6000C947EE /* AppDelegate.swift */ = {isa = PBXFileReference; lastKnownFileType = sourcecode.swift; path = AppDelegate.swift; sourceTree = "<group>"; };
		3051B95928698A6000C947EE /* SceneDelegate.swift */ = {isa = PBXFileReference; lastKnownFileType = sourcecode.swift; path = SceneDelegate.swift; sourceTree = "<group>"; };
		3051B95B28698A6000C947EE /* ViewController.swift */ = {isa = PBXFileReference; lastKnownFileType = sourcecode.swift; path = ViewController.swift; sourceTree = "<group>"; };
		3051B95E28698A6000C947EE /* Base */ = {isa = PBXFileReference; lastKnownFileType = file.storyboard; name = Base; path = Base.lproj/Main.storyboard; sourceTree = "<group>"; };
		3051B96028698A6700C947EE /* Assets.xcassets */ = {isa = PBXFileReference; lastKnownFileType = folder.assetcatalog; path = Assets.xcassets; sourceTree = "<group>"; };
		3051B96328698A6700C947EE /* Base */ = {isa = PBXFileReference; lastKnownFileType = file.storyboard; name = Base; path = Base.lproj/LaunchScreen.storyboard; sourceTree = "<group>"; };
		3051B96528698A6700C947EE /* Info.plist */ = {isa = PBXFileReference; lastKnownFileType = text.plist.xml; path = Info.plist; sourceTree = "<group>"; };
		AF7A7175DCD7E7DB73AF1DCF /* Pods-oneDayoneCut.debug.xcconfig */ = {isa = PBXFileReference; includeInIndex = 1; lastKnownFileType = text.xcconfig; name = "Pods-oneDayoneCut.debug.xcconfig"; path = "Target Support Files/Pods-oneDayoneCut/Pods-oneDayoneCut.debug.xcconfig"; sourceTree = "<group>"; };
		CE0B315BB85DE6B8685AA65C /* Pods-oneDayoneCut.release.xcconfig */ = {isa = PBXFileReference; includeInIndex = 1; lastKnownFileType = text.xcconfig; name = "Pods-oneDayoneCut.release.xcconfig"; path = "Target Support Files/Pods-oneDayoneCut/Pods-oneDayoneCut.release.xcconfig"; sourceTree = "<group>"; };
		E23BC222488483377F07EC63 /* Pods_oneDayoneCut.framework */ = {isa = PBXFileReference; explicitFileType = wrapper.framework; includeInIndex = 0; path = Pods_oneDayoneCut.framework; sourceTree = BUILT_PRODUCTS_DIR; };
/* End PBXFileReference section */

/* Begin PBXFrameworksBuildPhase section */
		3051B95128698A6000C947EE /* Frameworks */ = {
			isa = PBXFrameworksBuildPhase;
			buildActionMask = 2147483647;
			files = (
				14A5C4F5FCDDA289EC11358D /* Pods_oneDayoneCut.framework in Frameworks */,
			);
			runOnlyForDeploymentPostprocessing = 0;
		};
/* End PBXFrameworksBuildPhase section */

/* Begin PBXGroup section */
		278F032A307D2AAB4A0FACB2 /* Pods */ = {
			isa = PBXGroup;
			children = (
				AF7A7175DCD7E7DB73AF1DCF /* Pods-oneDayoneCut.debug.xcconfig */,
				CE0B315BB85DE6B8685AA65C /* Pods-oneDayoneCut.release.xcconfig */,
			);
			path = Pods;
			sourceTree = "<group>";
		};
		3051B94B28698A5F00C947EE = {
			isa = PBXGroup;
			children = (
				3051B95628698A6000C947EE /* oneDayoneCut */,
				3051B95528698A6000C947EE /* Products */,
				278F032A307D2AAB4A0FACB2 /* Pods */,
				41BB1EE16868DEF726DFA059 /* Frameworks */,
			);
			sourceTree = "<group>";
		};
		3051B95528698A6000C947EE /* Products */ = {
			isa = PBXGroup;
			children = (
				3051B95428698A6000C947EE /* oneDayoneCut.app */,
			);
			name = Products;
			sourceTree = "<group>";
		};
		3051B95628698A6000C947EE /* oneDayoneCut */ = {
			isa = PBXGroup;
			children = (
				3051B95728698A6000C947EE /* AppDelegate.swift */,
				3051B95928698A6000C947EE /* SceneDelegate.swift */,
				3051B95B28698A6000C947EE /* ViewController.swift */,
				3051B95D28698A6000C947EE /* Main.storyboard */,
				3051B96028698A6700C947EE /* Assets.xcassets */,
				3051B96228698A6700C947EE /* LaunchScreen.storyboard */,
				3051B96528698A6700C947EE /* Info.plist */,
			);
			path = oneDayoneCut;
			sourceTree = "<group>";
		};
		41BB1EE16868DEF726DFA059 /* Frameworks */ = {
			isa = PBXGroup;
			children = (
				E23BC222488483377F07EC63 /* Pods_oneDayoneCut.framework */,
			);
			name = Frameworks;
			sourceTree = "<group>";
		};
/* End PBXGroup section */

/* Begin PBXNativeTarget section */
		3051B95328698A6000C947EE /* oneDayoneCut */ = {
			isa = PBXNativeTarget;
			buildConfigurationList = 3051B96828698A6700C947EE /* Build configuration list for PBXNativeTarget "oneDayoneCut" */;
			buildPhases = (
				C84D70755F4004376C15409B /* [CP] Check Pods Manifest.lock */,
				3051B95028698A6000C947EE /* Sources */,
				3051B95128698A6000C947EE /* Frameworks */,
				3051B95228698A6000C947EE /* Resources */,
				55126639A344C02EE64EB464 /* [CP] Embed Pods Frameworks */,
			);
			buildRules = (
			);
			dependencies = (
			);
			name = oneDayoneCut;
			productName = oneDayoneCut;
			productReference = 3051B95428698A6000C947EE /* oneDayoneCut.app */;
			productType = "com.apple.product-type.application";
		};
/* End PBXNativeTarget section */

/* Begin PBXProject section */
		3051B94C28698A6000C947EE /* Project object */ = {
			isa = PBXProject;
			attributes = {
				BuildIndependentTargetsInParallel = 1;
				LastSwiftUpdateCheck = 1330;
				LastUpgradeCheck = 1330;
				TargetAttributes = {
					3051B95328698A6000C947EE = {
						CreatedOnToolsVersion = 13.3.1;
					};
				};
			};
			buildConfigurationList = 3051B94F28698A6000C947EE /* Build configuration list for PBXProject "oneDayoneCut" */;
			compatibilityVersion = "Xcode 13.0";
			developmentRegion = en;
			hasScannedForEncodings = 0;
			knownRegions = (
				en,
				Base,
			);
			mainGroup = 3051B94B28698A5F00C947EE;
			productRefGroup = 3051B95528698A6000C947EE /* Products */;
			projectDirPath = "";
			projectRoot = "";
			targets = (
				3051B95328698A6000C947EE /* oneDayoneCut */,
			);
		};
/* End PBXProject section */

/* Begin PBXResourcesBuildPhase section */
		3051B95228698A6000C947EE /* Resources */ = {
			isa = PBXResourcesBuildPhase;
			buildActionMask = 2147483647;
			files = (
				3051B96428698A6700C947EE /* LaunchScreen.storyboard in Resources */,
				3051B96128698A6700C947EE /* Assets.xcassets in Resources */,
				3051B95F28698A6000C947EE /* Main.storyboard in Resources */,
			);
			runOnlyForDeploymentPostprocessing = 0;
		};
/* End PBXResourcesBuildPhase section */

/* Begin PBXShellScriptBuildPhase section */
		55126639A344C02EE64EB464 /* [CP] Embed Pods Frameworks */ = {
			isa = PBXShellScriptBuildPhase;
			buildActionMask = 2147483647;
			files = (
			);
			inputFileListPaths = (
				"${PODS_ROOT}/Target Support Files/Pods-oneDayoneCut/Pods-oneDayoneCut-frameworks-${CONFIGURATION}-input-files.xcfilelist",
			);
			name = "[CP] Embed Pods Frameworks";
			outputFileListPaths = (
				"${PODS_ROOT}/Target Support Files/Pods-oneDayoneCut/Pods-oneDayoneCut-frameworks-${CONFIGURATION}-output-files.xcfilelist",
			);
			runOnlyForDeploymentPostprocessing = 0;
			shellPath = /bin/sh;
			shellScript = "\"${PODS_ROOT}/Target Support Files/Pods-oneDayoneCut/Pods-oneDayoneCut-frameworks.sh\"\n";
			showEnvVarsInLog = 0;
		};
		C84D70755F4004376C15409B /* [CP] Check Pods Manifest.lock */ = {
			isa = PBXShellScriptBuildPhase;
			buildActionMask = 2147483647;
			files = (
			);
			inputFileListPaths = (
			);
			inputPaths = (
				"${PODS_PODFILE_DIR_PATH}/Podfile.lock",
				"${PODS_ROOT}/Manifest.lock",
			);
			name = "[CP] Check Pods Manifest.lock";
			outputFileListPaths = (
			);
			outputPaths = (
				"$(DERIVED_FILE_DIR)/Pods-oneDayoneCut-checkManifestLockResult.txt",
			);
			runOnlyForDeploymentPostprocessing = 0;
			shellPath = /bin/sh;
			shellScript = "diff \"${PODS_PODFILE_DIR_PATH}/Podfile.lock\" \"${PODS_ROOT}/Manifest.lock\" > /dev/null\nif [ $? != 0 ] ; then\n    # print error to STDERR\n    echo \"error: The sandbox is not in sync with the Podfile.lock. Run 'pod install' or update your CocoaPods installation.\" >&2\n    exit 1\nfi\n# This output is used by Xcode 'outputs' to avoid re-running this script phase.\necho \"SUCCESS\" > \"${SCRIPT_OUTPUT_FILE_0}\"\n";
			showEnvVarsInLog = 0;
		};
/* End PBXShellScriptBuildPhase section */

/* Begin PBXSourcesBuildPhase section */
		3051B95028698A6000C947EE /* Sources */ = {
			isa = PBXSourcesBuildPhase;
			buildActionMask = 2147483647;
			files = (
				3051B95C28698A6000C947EE /* ViewController.swift in Sources */,
				3051B95828698A6000C947EE /* AppDelegate.swift in Sources */,
				3051B95A28698A6000C947EE /* SceneDelegate.swift in Sources */,
			);
			runOnlyForDeploymentPostprocessing = 0;
		};
/* End PBXSourcesBuildPhase section */

/* Begin PBXVariantGroup section */
		3051B95D28698A6000C947EE /* Main.storyboard */ = {
			isa = PBXVariantGroup;
			children = (
				3051B95E28698A6000C947EE /* Base */,
			);
			name = Main.storyboard;
			sourceTree = "<group>";
		};
		3051B96228698A6700C947EE /* LaunchScreen.storyboard */ = {
			isa = PBXVariantGroup;
			children = (
				3051B96328698A6700C947EE /* Base */,
			);
			name = LaunchScreen.storyboard;
			sourceTree = "<group>";
		};
/* End PBXVariantGroup section */

/* Begin XCBuildConfiguration section */
		3051B96628698A6700C947EE /* Debug */ = {
			isa = XCBuildConfiguration;
			buildSettings = {
				ALWAYS_SEARCH_USER_PATHS = NO;
				CLANG_ANALYZER_NONNULL = YES;
				CLANG_ANALYZER_NUMBER_OBJECT_CONVERSION = YES_AGGRESSIVE;
				CLANG_CXX_LANGUAGE_STANDARD = "gnu++17";
				CLANG_ENABLE_MODULES = YES;
				CLANG_ENABLE_OBJC_ARC = YES;
				CLANG_ENABLE_OBJC_WEAK = YES;
				CLANG_WARN_BLOCK_CAPTURE_AUTORELEASING = YES;
				CLANG_WARN_BOOL_CONVERSION = YES;
				CLANG_WARN_COMMA = YES;
				CLANG_WARN_CONSTANT_CONVERSION = YES;
				CLANG_WARN_DEPRECATED_OBJC_IMPLEMENTATIONS = YES;
				CLANG_WARN_DIRECT_OBJC_ISA_USAGE = YES_ERROR;
				CLANG_WARN_DOCUMENTATION_COMMENTS = YES;
				CLANG_WARN_EMPTY_BODY = YES;
				CLANG_WARN_ENUM_CONVERSION = YES;
				CLANG_WARN_INFINITE_RECURSION = YES;
				CLANG_WARN_INT_CONVERSION = YES;
				CLANG_WARN_NON_LITERAL_NULL_CONVERSION = YES;
				CLANG_WARN_OBJC_IMPLICIT_RETAIN_SELF = YES;
				CLANG_WARN_OBJC_LITERAL_CONVERSION = YES;
				CLANG_WARN_OBJC_ROOT_CLASS = YES_ERROR;
				CLANG_WARN_QUOTED_INCLUDE_IN_FRAMEWORK_HEADER = YES;
				CLANG_WARN_RANGE_LOOP_ANALYSIS = YES;
				CLANG_WARN_STRICT_PROTOTYPES = YES;
				CLANG_WARN_SUSPICIOUS_MOVE = YES;
				CLANG_WARN_UNGUARDED_AVAILABILITY = YES_AGGRESSIVE;
				CLANG_WARN_UNREACHABLE_CODE = YES;
				CLANG_WARN__DUPLICATE_METHOD_MATCH = YES;
				COPY_PHASE_STRIP = NO;
				DEBUG_INFORMATION_FORMAT = dwarf;
				ENABLE_STRICT_OBJC_MSGSEND = YES;
				ENABLE_TESTABILITY = YES;
				GCC_C_LANGUAGE_STANDARD = gnu11;
				GCC_DYNAMIC_NO_PIC = NO;
				GCC_NO_COMMON_BLOCKS = YES;
				GCC_OPTIMIZATION_LEVEL = 0;
				GCC_PREPROCESSOR_DEFINITIONS = (
					"DEBUG=1",
					"$(inherited)",
				);
				GCC_WARN_64_TO_32_BIT_CONVERSION = YES;
				GCC_WARN_ABOUT_RETURN_TYPE = YES_ERROR;
				GCC_WARN_UNDECLARED_SELECTOR = YES;
				GCC_WARN_UNINITIALIZED_AUTOS = YES_AGGRESSIVE;
				GCC_WARN_UNUSED_FUNCTION = YES;
				GCC_WARN_UNUSED_VARIABLE = YES;
				IPHONEOS_DEPLOYMENT_TARGET = 15.4;
				MTL_ENABLE_DEBUG_INFO = INCLUDE_SOURCE;
				MTL_FAST_MATH = YES;
				ONLY_ACTIVE_ARCH = YES;
				SDKROOT = iphoneos;
				SWIFT_ACTIVE_COMPILATION_CONDITIONS = DEBUG;
				SWIFT_OPTIMIZATION_LEVEL = "-Onone";
			};
			name = Debug;
		};
		3051B96728698A6700C947EE /* Release */ = {
			isa = XCBuildConfiguration;
			buildSettings = {
				ALWAYS_SEARCH_USER_PATHS = NO;
				CLANG_ANALYZER_NONNULL = YES;
				CLANG_ANALYZER_NUMBER_OBJECT_CONVERSION = YES_AGGRESSIVE;
				CLANG_CXX_LANGUAGE_STANDARD = "gnu++17";
				CLANG_ENABLE_MODULES = YES;
				CLANG_ENABLE_OBJC_ARC = YES;
				CLANG_ENABLE_OBJC_WEAK = YES;
				CLANG_WARN_BLOCK_CAPTURE_AUTORELEASING = YES;
				CLANG_WARN_BOOL_CONVERSION = YES;
				CLANG_WARN_COMMA = YES;
				CLANG_WARN_CONSTANT_CONVERSION = YES;
				CLANG_WARN_DEPRECATED_OBJC_IMPLEMENTATIONS = YES;
				CLANG_WARN_DIRECT_OBJC_ISA_USAGE = YES_ERROR;
				CLANG_WARN_DOCUMENTATION_COMMENTS = YES;
				CLANG_WARN_EMPTY_BODY = YES;
				CLANG_WARN_ENUM_CONVERSION = YES;
				CLANG_WARN_INFINITE_RECURSION = YES;
				CLANG_WARN_INT_CONVERSION = YES;
				CLANG_WARN_NON_LITERAL_NULL_CONVERSION = YES;
				CLANG_WARN_OBJC_IMPLICIT_RETAIN_SELF = YES;
				CLANG_WARN_OBJC_LITERAL_CONVERSION = YES;
				CLANG_WARN_OBJC_ROOT_CLASS = YES_ERROR;
				CLANG_WARN_QUOTED_INCLUDE_IN_FRAMEWORK_HEADER = YES;
				CLANG_WARN_RANGE_LOOP_ANALYSIS = YES;
				CLANG_WARN_STRICT_PROTOTYPES = YES;
				CLANG_WARN_SUSPICIOUS_MOVE = YES;
				CLANG_WARN_UNGUARDED_AVAILABILITY = YES_AGGRESSIVE;
				CLANG_WARN_UNREACHABLE_CODE = YES;
				CLANG_WARN__DUPLICATE_METHOD_MATCH = YES;
				COPY_PHASE_STRIP = NO;
				DEBUG_INFORMATION_FORMAT = "dwarf-with-dsym";
				ENABLE_NS_ASSERTIONS = NO;
				ENABLE_STRICT_OBJC_MSGSEND = YES;
				GCC_C_LANGUAGE_STANDARD = gnu11;
				GCC_NO_COMMON_BLOCKS = YES;
				GCC_WARN_64_TO_32_BIT_CONVERSION = YES;
				GCC_WARN_ABOUT_RETURN_TYPE = YES_ERROR;
				GCC_WARN_UNDECLARED_SELECTOR = YES;
				GCC_WARN_UNINITIALIZED_AUTOS = YES_AGGRESSIVE;
				GCC_WARN_UNUSED_FUNCTION = YES;
				GCC_WARN_UNUSED_VARIABLE = YES;
				IPHONEOS_DEPLOYMENT_TARGET = 15.4;
				MTL_ENABLE_DEBUG_INFO = NO;
				MTL_FAST_MATH = YES;
				SDKROOT = iphoneos;
				SWIFT_COMPILATION_MODE = wholemodule;
				SWIFT_OPTIMIZATION_LEVEL = "-O";
				VALIDATE_PRODUCT = YES;
			};
			name = Release;
		};
		3051B96928698A6700C947EE /* Debug */ = {
			isa = XCBuildConfiguration;
			baseConfigurationReference = AF7A7175DCD7E7DB73AF1DCF /* Pods-oneDayoneCut.debug.xcconfig */;
			buildSettings = {
				ASSETCATALOG_COMPILER_APPICON_NAME = AppIcon;
				ASSETCATALOG_COMPILER_GLOBAL_ACCENT_COLOR_NAME = AccentColor;
				CODE_SIGN_IDENTITY = "Apple Development";
				CODE_SIGN_STYLE = Automatic;
				CURRENT_PROJECT_VERSION = 1;
				DEVELOPMENT_TEAM = PD739GKFH2;
				GENERATE_INFOPLIST_FILE = YES;
				INFOPLIST_FILE = oneDayoneCut/Info.plist;
				INFOPLIST_KEY_UIApplicationSupportsIndirectInputEvents = YES;
				INFOPLIST_KEY_UILaunchStoryboardName = LaunchScreen;
				INFOPLIST_KEY_UIMainStoryboardFile = Main;
				INFOPLIST_KEY_UISupportedInterfaceOrientations_iPad = "UIInterfaceOrientationPortrait UIInterfaceOrientationPortraitUpsideDown UIInterfaceOrientationLandscapeLeft UIInterfaceOrientationLandscapeRight";
				INFOPLIST_KEY_UISupportedInterfaceOrientations_iPhone = "UIInterfaceOrientationPortrait UIInterfaceOrientationLandscapeLeft UIInterfaceOrientationLandscapeRight";
				LD_RUNPATH_SEARCH_PATHS = (
					"$(inherited)",
					"@executable_path/Frameworks",
				);
				MARKETING_VERSION = 1.0;
				PRODUCT_BUNDLE_IDENTIFIER = oneDayoneCut.oneDayoneCut;
				PRODUCT_NAME = "$(TARGET_NAME)";
				PROVISIONING_PROFILE_SPECIFIER = "";
				SWIFT_EMIT_LOC_STRINGS = YES;
				SWIFT_VERSION = 5.0;
				TARGETED_DEVICE_FAMILY = "1,2";
			};
			name = Debug;
		};
		3051B96A28698A6700C947EE /* Release */ = {
			isa = XCBuildConfiguration;
			baseConfigurationReference = CE0B315BB85DE6B8685AA65C /* Pods-oneDayoneCut.release.xcconfig */;
			buildSettings = {
				ASSETCATALOG_COMPILER_APPICON_NAME = AppIcon;
				ASSETCATALOG_COMPILER_GLOBAL_ACCENT_COLOR_NAME = AccentColor;
				CODE_SIGN_IDENTITY = "Apple Development";
				CODE_SIGN_STYLE = Automatic;
				CURRENT_PROJECT_VERSION = 1;
				DEVELOPMENT_TEAM = PD739GKFH2;
				GENERATE_INFOPLIST_FILE = YES;
				INFOPLIST_FILE = oneDayoneCut/Info.plist;
				INFOPLIST_KEY_UIApplicationSupportsIndirectInputEvents = YES;
				INFOPLIST_KEY_UILaunchStoryboardName = LaunchScreen;
				INFOPLIST_KEY_UIMainStoryboardFile = Main;
				INFOPLIST_KEY_UISupportedInterfaceOrientations_iPad = "UIInterfaceOrientationPortrait UIInterfaceOrientationPortraitUpsideDown UIInterfaceOrientationLandscapeLeft UIInterfaceOrientationLandscapeRight";
				INFOPLIST_KEY_UISupportedInterfaceOrientations_iPhone = "UIInterfaceOrientationPortrait UIInterfaceOrientationLandscapeLeft UIInterfaceOrientationLandscapeRight";
				LD_RUNPATH_SEARCH_PATHS = (
					"$(inherited)",
					"@executable_path/Frameworks",
				);
				MARKETING_VERSION = 1.0;
				PRODUCT_BUNDLE_IDENTIFIER = oneDayoneCut.oneDayoneCut;
				PRODUCT_NAME = "$(TARGET_NAME)";
				PROVISIONING_PROFILE_SPECIFIER = "";
				SWIFT_EMIT_LOC_STRINGS = YES;
				SWIFT_VERSION = 5.0;
				TARGETED_DEVICE_FAMILY = "1,2";
			};
			name = Release;
		};
/* End XCBuildConfiguration section */

/* Begin XCConfigurationList section */
		3051B94F28698A6000C947EE /* Build configuration list for PBXProject "oneDayoneCut" */ = {
			isa = XCConfigurationList;
			buildConfigurations = (
				3051B96628698A6700C947EE /* Debug */,
				3051B96728698A6700C947EE /* Release */,
			);
			defaultConfigurationIsVisible = 0;
			defaultConfigurationName = Release;
		};
		3051B96828698A6700C947EE /* Build configuration list for PBXNativeTarget "oneDayoneCut" */ = {
			isa = XCConfigurationList;
			buildConfigurations = (
				3051B96928698A6700C947EE /* Debug */,
				3051B96A28698A6700C947EE /* Release */,
			);
			defaultConfigurationIsVisible = 0;
			defaultConfigurationName = Release;
		};
/* End XCConfigurationList section */
	};
	rootObject = 3051B94C28698A6000C947EE /* Project object */;
}
